PODS:
  - Capacitor (7.4.2):
    - CapacitorCordova
  - CapacitorBrowser (7.0.1):
    - Capacitor
  - CapacitorCamera (7.0.1):
    - Capacitor
  - CapacitorCordova (7.4.2)

DEPENDENCIES:
  - "Capacitor (from `../../node_modules/.pnpm/@capacitor+ios@7.4.2_@capacitor+core@7.4.2/node_modules/@capacitor/ios`)"
  - "CapacitorBrowser (from `../../node_modules/.pnpm/@capacitor+browser@7.0.1_@capacitor+core@7.4.2/node_modules/@capacitor/browser`)"
  - "CapacitorCamera (from `../../node_modules/.pnpm/@capacitor+camera@7.0.1_@capacitor+core@7.4.2/node_modules/@capacitor/camera`)"
  - "CapacitorCordova (from `../../node_modules/.pnpm/@capacitor+ios@7.4.2_@capacitor+core@7.4.2/node_modules/@capacitor/ios`)"

EXTERNAL SOURCES:
  Capacitor:
    :path: "../../node_modules/.pnpm/@capacitor+ios@7.4.2_@capacitor+core@7.4.2/node_modules/@capacitor/ios"
  CapacitorBrowser:
    :path: "../../node_modules/.pnpm/@capacitor+browser@7.0.1_@capacitor+core@7.4.2/node_modules/@capacitor/browser"
  CapacitorCamera:
    :path: "../../node_modules/.pnpm/@capacitor+camera@7.0.1_@capacitor+core@7.4.2/node_modules/@capacitor/camera"
  CapacitorCordova:
    :path: "../../node_modules/.pnpm/@capacitor+ios@7.4.2_@capacitor+core@7.4.2/node_modules/@capacitor/ios"

SPEC CHECKSUMS:
  Capacitor: 9d9e481b79ffaeacaf7a85d6a11adec32bd33b59
  CapacitorBrowser: 6299776d496e968505464884d565992faa20444a
  CapacitorCamera: 6e73f1fc6c629a672658705a02409b60854bc0f1
  CapacitorCordova: 5e58d04631bc5094894ac106e2bf1da18a9e6151

PODFILE CHECKSUM: 3f6a0ed1303196154c6124cf31a6b98e9875f6b4

COCOAPODS: 1.16.2
